// !$*UTF8*$!
{
	archiveVersion = 1;
	classes = {
	};
	objectVersion = 51;
	objects = {

/* Begin PBXBuildFile section */
		563DAEAD25679ED900EF3468 /* BrandCell.swift in Sources */ = {isa = PBXBuildFile; fileRef = 563DAEAB25679ED900EF3468 /* BrandCell.swift */; };
		563DAEAE25679ED900EF3468 /* BrandCell.xib in Resources */ = {isa = PBXBuildFile; fileRef = 563DAEAC25679ED900EF3468 /* BrandCell.xib */; };
		563DAEC1256BD9F800EF3468 /* BrandModel.swift in Sources */ = {isa = PBXBuildFile; fileRef = 563DAEBF256BD9F800EF3468 /* BrandModel.swift */; };
		563DAEC2256BD9F800EF3468 /* BrandModel.xib in Resources */ = {isa = PBXBuildFile; fileRef = 563DAEC0256BD9F800EF3468 /* BrandModel.xib */; };
		563DAEC6256CC3C100EF3468 /* CarModel.swift in Sources */ = {isa = PBXBuildFile; fileRef = 563DAEC5256CC3C100EF3468 /* CarModel.swift */; };
		563DAEDA256F90D000EF3468 /* UserInfoDAO.swift in Sources */ = {isa = PBXBuildFile; fileRef = 563DAED9256F90D000EF3468 /* UserInfoDAO.swift */; };
		563DAEE0256F92BC00EF3468 /* SystemParameterDAO.swift in Sources */ = {isa = PBXBuildFile; fileRef = 563DAEDF256F92BC00EF3468 /* SystemParameterDAO.swift */; };
		563DAEE4256FC12700EF3468 /* CarDeviceDAO.swift in Sources */ = {isa = PBXBuildFile; fileRef = 563DAEE3256FC12700EF3468 /* CarDeviceDAO.swift */; };
		565832462548835A00991FD4 /* WelcomeVC.swift in Sources */ = {isa = PBXBuildFile; fileRef = 565832442548835A00991FD4 /* WelcomeVC.swift */; };
		565832472548835A00991FD4 /* WelcomeVC.xib in Resources */ = {isa = PBXBuildFile; fileRef = 565832452548835A00991FD4 /* WelcomeVC.xib */; };
		5658324A254B269000991FD4 /* BaseViewController.swift in Sources */ = {isa = PBXBuildFile; fileRef = 56583249254B269000991FD4 /* BaseViewController.swift */; };
		5658324E254E86C600991FD4 /* MobilePhoneInputVC.swift in Sources */ = {isa = PBXBuildFile; fileRef = 5658324C254E86C600991FD4 /* MobilePhoneInputVC.swift */; };
		5658324F254E86C600991FD4 /* MobilePhoneInputVC.xib in Resources */ = {isa = PBXBuildFile; fileRef = 5658324D254E86C600991FD4 /* MobilePhoneInputVC.xib */; };
		56583252254E8FAA00991FD4 /* BaseTabBarController.swift in Sources */ = {isa = PBXBuildFile; fileRef = 56583250254E8FAA00991FD4 /* BaseTabBarController.swift */; };
		56583253254E8FAA00991FD4 /* BaseNavigationController.swift in Sources */ = {isa = PBXBuildFile; fileRef = 56583251254E8FAA00991FD4 /* BaseNavigationController.swift */; };
		5659DBFE256D6AB5007AD33E /* CBTextField.swift in Sources */ = {isa = PBXBuildFile; fileRef = 5659DBFD256D6AB5007AD33E /* CBTextField.swift */; };
		5659DC0B256D70BC007AD33E /* CMLabel.swift in Sources */ = {isa = PBXBuildFile; fileRef = 5659DC0A256D70BC007AD33E /* CMLabel.swift */; };
		5659DC1D256D737F007AD33E /* SelectBrandVC.xib in Resources */ = {isa = PBXBuildFile; fileRef = 5659DC1C256D737F007AD33E /* SelectBrandVC.xib */; };
		5659DC24256EB9E3007AD33E /* ActiveDVDResultVC.swift in Sources */ = {isa = PBXBuildFile; fileRef = 5659DC22256EB9E3007AD33E /* ActiveDVDResultVC.swift */; };
		5659DC25256EB9E3007AD33E /* ActiveDVDResultVC.xib in Resources */ = {isa = PBXBuildFile; fileRef = 5659DC23256EB9E3007AD33E /* ActiveDVDResultVC.xib */; };
		5659DC3B25700C05007AD33E /* CarDeviceCell.swift in Sources */ = {isa = PBXBuildFile; fileRef = 5659DC3925700C05007AD33E /* CarDeviceCell.swift */; };
		5659DC3C25700C05007AD33E /* CarDeviceCell.xib in Resources */ = {isa = PBXBuildFile; fileRef = 5659DC3A25700C05007AD33E /* CarDeviceCell.xib */; };
		5659DC422571F215007AD33E /* LocationService.swift in Sources */ = {isa = PBXBuildFile; fileRef = 5659DC412571F215007AD33E /* LocationService.swift */; };
		5659DC4F25721236007AD33E /* CarDeviceLocCell.swift in Sources */ = {isa = PBXBuildFile; fileRef = 5659DC4D25721236007AD33E /* CarDeviceLocCell.swift */; };
		5659DC5025721236007AD33E /* CarDeviceLocCell.xib in Resources */ = {isa = PBXBuildFile; fileRef = 5659DC4E25721236007AD33E /* CarDeviceLocCell.xib */; };
		5659DC672573C920007AD33E /* ProfileVC.swift in Sources */ = {isa = PBXBuildFile; fileRef = 5659DC652573C91E007AD33E /* ProfileVC.swift */; };
		5659DC682573C920007AD33E /* ProfileVC.xib in Resources */ = {isa = PBXBuildFile; fileRef = 5659DC662573C91E007AD33E /* ProfileVC.xib */; };
		5659DC6E2573DD1F007AD33E /* ProfileModel.swift in Sources */ = {isa = PBXBuildFile; fileRef = 5659DC6D2573DD1F007AD33E /* ProfileModel.swift */; };
		565C8A1825778F4200FCC370 /* CarDeviceDetailVC.swift in Sources */ = {isa = PBXBuildFile; fileRef = 565C8A1625778F4200FCC370 /* CarDeviceDetailVC.swift */; };
		565C8A1925778F4200FCC370 /* CarDeviceDetailVC.xib in Resources */ = {isa = PBXBuildFile; fileRef = 565C8A1725778F4200FCC370 /* CarDeviceDetailVC.xib */; };
		565C8A1E2577B8EC00FCC370 /* HistorySelectDateVC.swift in Sources */ = {isa = PBXBuildFile; fileRef = 565C8A1C2577B8EC00FCC370 /* HistorySelectDateVC.swift */; };
		565C8A1F2577B8EC00FCC370 /* HistorySelectDateVC.xib in Resources */ = {isa = PBXBuildFile; fileRef = 565C8A1D2577B8EC00FCC370 /* HistorySelectDateVC.xib */; };
		5682F5DA2566930700A56C25 /* InfoPlist.strings in Resources */ = {isa = PBXBuildFile; fileRef = 5682F5DC2566930700A56C25 /* InfoPlist.strings */; };
		56D0FE0C256505D400757E2A /* SelectBrandVC.swift in Sources */ = {isa = PBXBuildFile; fileRef = 56D0FE0A256505D400757E2A /* SelectBrandVC.swift */; };
		56D0FE112565408600757E2A /* Brand.swift in Sources */ = {isa = PBXBuildFile; fileRef = 56D0FE102565408600757E2A /* Brand.swift */; };
		56D1EA552551BD0700DB0851 /* Request.swift in Sources */ = {isa = PBXBuildFile; fileRef = 56D1EA542551BD0700DB0851 /* Request.swift */; };
		56D1EA5925530CB100DB0851 /* ActivationService.swift in Sources */ = {isa = PBXBuildFile; fileRef = 56D1EA5825530CB100DB0851 /* ActivationService.swift */; };
		56D1EA5B25530CF100DB0851 /* APIRouter.swift in Sources */ = {isa = PBXBuildFile; fileRef = 56D1EA5A25530CF100DB0851 /* APIRouter.swift */; };
		56D33EA42538A78E0026368C /* AppDelegate.swift in Sources */ = {isa = PBXBuildFile; fileRef = 56D33EA32538A78E0026368C /* AppDelegate.swift */; };
		56D33EA62538A78E0026368C /* SceneDelegate.swift in Sources */ = {isa = PBXBuildFile; fileRef = 56D33EA52538A78E0026368C /* SceneDelegate.swift */; };
		56D33EA82538A78E0026368C /* ViewController.swift in Sources */ = {isa = PBXBuildFile; fileRef = 56D33EA72538A78E0026368C /* ViewController.swift */; };
		56D33EAB2538A78E0026368C /* Main.storyboard in Resources */ = {isa = PBXBuildFile; fileRef = 56D33EA92538A78E0026368C /* Main.storyboard */; };
		56D33EAD2538A7910026368C /* Assets.xcassets in Resources */ = {isa = PBXBuildFile; fileRef = 56D33EAC2538A7910026368C /* Assets.xcassets */; };
		56D33EB02538A7910026368C /* LaunchScreen.storyboard in Resources */ = {isa = PBXBuildFile; fileRef = 56D33EAE2538A7910026368C /* LaunchScreen.storyboard */; };
		56D33EB82538B3EB0026368C /* TabBarViewController.swift in Sources */ = {isa = PBXBuildFile; fileRef = 56D33EB72538B3EB0026368C /* TabBarViewController.swift */; };
		56D33EBD25399D100026368C /* MapViewController.swift in Sources */ = {isa = PBXBuildFile; fileRef = 56D33EBC25399D100026368C /* MapViewController.swift */; };
		56D33EC0253AFD1F0026368C /* AppConstant.swift in Sources */ = {isa = PBXBuildFile; fileRef = 56D33EBF253AFD1F0026368C /* AppConstant.swift */; };
		56D6322E25545E4400909F59 /* AppUtils.swift in Sources */ = {isa = PBXBuildFile; fileRef = 56D6322D25545E4400909F59 /* AppUtils.swift */; };
		56D632312557961D00909F59 /* BaseError.swift in Sources */ = {isa = PBXBuildFile; fileRef = 56D632302557961D00909F59 /* BaseError.swift */; };
		56D632332557C27000909F59 /* BaseResponse.swift in Sources */ = {isa = PBXBuildFile; fileRef = 56D632322557C27000909F59 /* BaseResponse.swift */; };
		56D632362557CA7000909F59 /* LoadingView.swift in Sources */ = {isa = PBXBuildFile; fileRef = 56D632352557CA7000909F59 /* LoadingView.swift */; };
		56D632382557D17F00909F59 /* AlertView.swift in Sources */ = {isa = PBXBuildFile; fileRef = 56D632372557D17F00909F59 /* AlertView.swift */; };
		56D6323B25596E6D00909F59 /* DateExtension.swift in Sources */ = {isa = PBXBuildFile; fileRef = 56D6323A25596E6D00909F59 /* DateExtension.swift */; };
		56D6FEFB2578009B00834C23 /* DateUtils.swift in Sources */ = {isa = PBXBuildFile; fileRef = 56D6FEFA2578009B00834C23 /* DateUtils.swift */; };
		56D6FF11257C757300834C23 /* LocationHistory.swift in Sources */ = {isa = PBXBuildFile; fileRef = 56D6FF10257C757300834C23 /* LocationHistory.swift */; };
		56D6FF15257FDF8A00834C23 /* DVDInfo.swift in Sources */ = {isa = PBXBuildFile; fileRef = 56D6FF14257FDF8A00834C23 /* DVDInfo.swift */; };
		56D6FF1A257FE55600834C23 /* DVDInfoCell.swift in Sources */ = {isa = PBXBuildFile; fileRef = 56D6FF18257FE55600834C23 /* DVDInfoCell.swift */; };
		56D6FF1B257FE55600834C23 /* DVDInfoCell.xib in Resources */ = {isa = PBXBuildFile; fileRef = 56D6FF19257FE55600834C23 /* DVDInfoCell.xib */; };
		56D6FF2025813D7100834C23 /* ListAgentVC.swift in Sources */ = {isa = PBXBuildFile; fileRef = 56D6FF1E25813D7100834C23 /* ListAgentVC.swift */; };
		56D6FF2125813D7100834C23 /* ListAgentVC.xib in Resources */ = {isa = PBXBuildFile; fileRef = 56D6FF1F25813D7100834C23 /* ListAgentVC.xib */; };
		56D6FF262581412F00834C23 /* AgentCell.swift in Sources */ = {isa = PBXBuildFile; fileRef = 56D6FF242581412F00834C23 /* AgentCell.swift */; };
		56D6FF272581412F00834C23 /* AgentCell.xib in Resources */ = {isa = PBXBuildFile; fileRef = 56D6FF252581412F00834C23 /* AgentCell.xib */; };
		56D6FF2B2581438D00834C23 /* Agent.swift in Sources */ = {isa = PBXBuildFile; fileRef = 56D6FF2A2581438D00834C23 /* Agent.swift */; };
		56DBE47C25657D3000EF87E0 /* ScanDeviceVC.swift in Sources */ = {isa = PBXBuildFile; fileRef = 56DBE47A25657D3000EF87E0 /* ScanDeviceVC.swift */; };
		56DBE47D25657D3000EF87E0 /* ScanDeviceVC.xib in Resources */ = {isa = PBXBuildFile; fileRef = 56DBE47B25657D3000EF87E0 /* ScanDeviceVC.xib */; };
		56DBE4B325682D1400EF87E0 /* UIColorExt.swift in Sources */ = {isa = PBXBuildFile; fileRef = 56DBE4B225682D1400EF87E0 /* UIColorExt.swift */; };
		56DBE4B72568C44100EF87E0 /* CarBrandColView.swift in Sources */ = {isa = PBXBuildFile; fileRef = 56DBE4B62568C44100EF87E0 /* CarBrandColView.swift */; };
		56DC15692559A95D00D5C4F1 /* SystemParameter.swift in Sources */ = {isa = PBXBuildFile; fileRef = 56DC15682559A95D00D5C4F1 /* SystemParameter.swift */; };
		56DC1591255B024E00D5C4F1 /* InfoInputVC.swift in Sources */ = {isa = PBXBuildFile; fileRef = 56DC158F255B024E00D5C4F1 /* InfoInputVC.swift */; };
		56DC1592255B024E00D5C4F1 /* InfoInputVC.xib in Resources */ = {isa = PBXBuildFile; fileRef = 56DC1590255B024E00D5C4F1 /* InfoInputVC.xib */; };
		56DC1596255C4FB700D5C4F1 /* UserInfo.swift in Sources */ = {isa = PBXBuildFile; fileRef = 56DC1595255C4FB700D5C4F1 /* UserInfo.swift */; };
		56DC159C255C58D200D5C4F1 /* MainVC.swift in Sources */ = {isa = PBXBuildFile; fileRef = 56DC159A255C58D200D5C4F1 /* MainVC.swift */; };
		56DC159D255C58D200D5C4F1 /* MainVC.xib in Resources */ = {isa = PBXBuildFile; fileRef = 56DC159B255C58D200D5C4F1 /* MainVC.xib */; };
		56DC15A2255DA5F000D5C4F1 /* MainTabBarVC.swift in Sources */ = {isa = PBXBuildFile; fileRef = 56DC15A0255DA5F000D5C4F1 /* MainTabBarVC.swift */; };
		56DC15A3255DA5F000D5C4F1 /* MainTabBarVC.xib in Resources */ = {isa = PBXBuildFile; fileRef = 56DC15A1255DA5F000D5C4F1 /* MainTabBarVC.xib */; };
		56DC15A8255DA7AC00D5C4F1 /* LocationMainVC.swift in Sources */ = {isa = PBXBuildFile; fileRef = 56DC15A6255DA7AC00D5C4F1 /* LocationMainVC.swift */; };
		56DC15A9255DA7AC00D5C4F1 /* LocationMainVC.xib in Resources */ = {isa = PBXBuildFile; fileRef = 56DC15A7255DA7AC00D5C4F1 /* LocationMainVC.xib */; };
		56DC15C3255F8D8900D5C4F1 /* UIViewExt.swift in Sources */ = {isa = PBXBuildFile; fileRef = 56DC15C2255F8D8900D5C4F1 /* UIViewExt.swift */; };
		56DC16E5255FEBBE00D5C4F1 /* Localizable.strings in Resources */ = {isa = PBXBuildFile; fileRef = 56DC16E7255FEBBE00D5C4F1 /* Localizable.strings */; };
		56DC172125619F8600D5C4F1 /* CarDevice.swift in Sources */ = {isa = PBXBuildFile; fileRef = 56DC172025619F8600D5C4F1 /* CarDevice.swift */; };
		56DC172A2561A13600D5C4F1 /* MainService.swift in Sources */ = {isa = PBXBuildFile; fileRef = 56DC17292561A13600D5C4F1 /* MainService.swift */; };
		56DC5B572541DF4900AC3D66 /* MQTTConnectionManager.swift in Sources */ = {isa = PBXBuildFile; fileRef = 56DC5B562541DF4900AC3D66 /* MQTTConnectionManager.swift */; };
		56DC5B5A2543CA4600AC3D66 /* MQTTDelegate.swift in Sources */ = {isa = PBXBuildFile; fileRef = 56DC5B592543CA4600AC3D66 /* MQTTDelegate.swift */; };
		56DE6F9A2545375C006AA5BB /* CarTrackerTests.swift in Sources */ = {isa = PBXBuildFile; fileRef = 56DE6F992545375C006AA5BB /* CarTrackerTests.swift */; };
		56E2B622255981BF0011CEDA /* OTPInputVC.swift in Sources */ = {isa = PBXBuildFile; fileRef = 56E2B620255981BF0011CEDA /* OTPInputVC.swift */; };
		56E2B623255981BF0011CEDA /* OTPInputVC.xib in Resources */ = {isa = PBXBuildFile; fileRef = 56E2B621255981BF0011CEDA /* OTPInputVC.xib */; };
		B1FA61CDC0D40B7ED636960C /* Pods_CarTracker.framework in Frameworks */ = {isa = PBXBuildFile; fileRef = FB9007F268105E7F6E159E43 /* Pods_CarTracker.framework */; };
/* End PBXBuildFile section */

/* Begin PBXContainerItemProxy section */
		56DE6F9C2545375C006AA5BB /* PBXContainerItemProxy */ = {
			isa = PBXContainerItemProxy;
			containerPortal = 56D33E982538A78E0026368C /* Project object */;
			proxyType = 1;
			remoteGlobalIDString = 56D33E9F2538A78E0026368C;
			remoteInfo = CarTracker;
		};
/* End PBXContainerItemProxy section */

/* Begin PBXFileReference section */
		434CC202B45CA5C46F0B5F7B /* Pods-CarTracker.release.xcconfig */ = {isa = PBXFileReference; includeInIndex = 1; lastKnownFileType = text.xcconfig; name = "Pods-CarTracker.release.xcconfig"; path = "Target Support Files/Pods-CarTracker/Pods-CarTracker.release.xcconfig"; sourceTree = "<group>"; };
		48B5AF5FDBD880F5053404F4 /* Pods-CarTracker.debug.xcconfig */ = {isa = PBXFileReference; includeInIndex = 1; lastKnownFileType = text.xcconfig; name = "Pods-CarTracker.debug.xcconfig"; path = "Target Support Files/Pods-CarTracker/Pods-CarTracker.debug.xcconfig"; sourceTree = "<group>"; };
		563DAEAB25679ED900EF3468 /* BrandCell.swift */ = {isa = PBXFileReference; lastKnownFileType = sourcecode.swift; path = BrandCell.swift; sourceTree = "<group>"; };
		563DAEAC25679ED900EF3468 /* BrandCell.xib */ = {isa = PBXFileReference; lastKnownFileType = file.xib; path = BrandCell.xib; sourceTree = "<group>"; };
		563DAEBF256BD9F800EF3468 /* BrandModel.swift */ = {isa = PBXFileReference; lastKnownFileType = sourcecode.swift; path = BrandModel.swift; sourceTree = "<group>"; };
		563DAEC0256BD9F800EF3468 /* BrandModel.xib */ = {isa = PBXFileReference; lastKnownFileType = file.xib; path = BrandModel.xib; sourceTree = "<group>"; };
		563DAEC5256CC3C100EF3468 /* CarModel.swift */ = {isa = PBXFileReference; lastKnownFileType = sourcecode.swift; path = CarModel.swift; sourceTree = "<group>"; };
		563DAED9256F90D000EF3468 /* UserInfoDAO.swift */ = {isa = PBXFileReference; lastKnownFileType = sourcecode.swift; path = UserInfoDAO.swift; sourceTree = "<group>"; };
		563DAEDF256F92BC00EF3468 /* SystemParameterDAO.swift */ = {isa = PBXFileReference; lastKnownFileType = sourcecode.swift; path = SystemParameterDAO.swift; sourceTree = "<group>"; };
		563DAEE3256FC12700EF3468 /* CarDeviceDAO.swift */ = {isa = PBXFileReference; lastKnownFileType = sourcecode.swift; path = CarDeviceDAO.swift; sourceTree = "<group>"; };
		565832442548835A00991FD4 /* WelcomeVC.swift */ = {isa = PBXFileReference; lastKnownFileType = sourcecode.swift; path = WelcomeVC.swift; sourceTree = "<group>"; };
		565832452548835A00991FD4 /* WelcomeVC.xib */ = {isa = PBXFileReference; lastKnownFileType = file.xib; path = WelcomeVC.xib; sourceTree = "<group>"; };
		56583249254B269000991FD4 /* BaseViewController.swift */ = {isa = PBXFileReference; fileEncoding = 4; lastKnownFileType = sourcecode.swift; path = BaseViewController.swift; sourceTree = "<group>"; };
		5658324C254E86C600991FD4 /* MobilePhoneInputVC.swift */ = {isa = PBXFileReference; lastKnownFileType = sourcecode.swift; path = MobilePhoneInputVC.swift; sourceTree = "<group>"; };
		5658324D254E86C600991FD4 /* MobilePhoneInputVC.xib */ = {isa = PBXFileReference; lastKnownFileType = file.xib; path = MobilePhoneInputVC.xib; sourceTree = "<group>"; };
		56583250254E8FAA00991FD4 /* BaseTabBarController.swift */ = {isa = PBXFileReference; fileEncoding = 4; lastKnownFileType = sourcecode.swift; path = BaseTabBarController.swift; sourceTree = "<group>"; };
		56583251254E8FAA00991FD4 /* BaseNavigationController.swift */ = {isa = PBXFileReference; fileEncoding = 4; lastKnownFileType = sourcecode.swift; path = BaseNavigationController.swift; sourceTree = "<group>"; };
		5659DBFD256D6AB5007AD33E /* CBTextField.swift */ = {isa = PBXFileReference; lastKnownFileType = sourcecode.swift; path = CBTextField.swift; sourceTree = "<group>"; };
		5659DC0A256D70BC007AD33E /* CMLabel.swift */ = {isa = PBXFileReference; lastKnownFileType = sourcecode.swift; path = CMLabel.swift; sourceTree = "<group>"; };
		5659DC1C256D737F007AD33E /* SelectBrandVC.xib */ = {isa = PBXFileReference; fileEncoding = 4; lastKnownFileType = file.xib; path = SelectBrandVC.xib; sourceTree = "<group>"; };
		5659DC22256EB9E3007AD33E /* ActiveDVDResultVC.swift */ = {isa = PBXFileReference; lastKnownFileType = sourcecode.swift; path = ActiveDVDResultVC.swift; sourceTree = "<group>"; };
		5659DC23256EB9E3007AD33E /* ActiveDVDResultVC.xib */ = {isa = PBXFileReference; lastKnownFileType = file.xib; path = ActiveDVDResultVC.xib; sourceTree = "<group>"; };
		5659DC3925700C05007AD33E /* CarDeviceCell.swift */ = {isa = PBXFileReference; lastKnownFileType = sourcecode.swift; path = CarDeviceCell.swift; sourceTree = "<group>"; };
		5659DC3A25700C05007AD33E /* CarDeviceCell.xib */ = {isa = PBXFileReference; lastKnownFileType = file.xib; path = CarDeviceCell.xib; sourceTree = "<group>"; };
		5659DC412571F215007AD33E /* LocationService.swift */ = {isa = PBXFileReference; lastKnownFileType = sourcecode.swift; path = LocationService.swift; sourceTree = "<group>"; };
		5659DC4D25721236007AD33E /* CarDeviceLocCell.swift */ = {isa = PBXFileReference; lastKnownFileType = sourcecode.swift; path = CarDeviceLocCell.swift; sourceTree = "<group>"; };
		5659DC4E25721236007AD33E /* CarDeviceLocCell.xib */ = {isa = PBXFileReference; lastKnownFileType = file.xib; path = CarDeviceLocCell.xib; sourceTree = "<group>"; };
		5659DC652573C91E007AD33E /* ProfileVC.swift */ = {isa = PBXFileReference; lastKnownFileType = sourcecode.swift; path = ProfileVC.swift; sourceTree = "<group>"; };
		5659DC662573C91E007AD33E /* ProfileVC.xib */ = {isa = PBXFileReference; lastKnownFileType = file.xib; path = ProfileVC.xib; sourceTree = "<group>"; };
		5659DC6D2573DD1F007AD33E /* ProfileModel.swift */ = {isa = PBXFileReference; lastKnownFileType = sourcecode.swift; path = ProfileModel.swift; sourceTree = "<group>"; };
		565C8A1625778F4200FCC370 /* CarDeviceDetailVC.swift */ = {isa = PBXFileReference; lastKnownFileType = sourcecode.swift; path = CarDeviceDetailVC.swift; sourceTree = "<group>"; };
		565C8A1725778F4200FCC370 /* CarDeviceDetailVC.xib */ = {isa = PBXFileReference; lastKnownFileType = file.xib; path = CarDeviceDetailVC.xib; sourceTree = "<group>"; };
		565C8A1C2577B8EC00FCC370 /* HistorySelectDateVC.swift */ = {isa = PBXFileReference; lastKnownFileType = sourcecode.swift; path = HistorySelectDateVC.swift; sourceTree = "<group>"; };
		565C8A1D2577B8EC00FCC370 /* HistorySelectDateVC.xib */ = {isa = PBXFileReference; lastKnownFileType = file.xib; path = HistorySelectDateVC.xib; sourceTree = "<group>"; };
		5682F5DB2566930700A56C25 /* vi */ = {isa = PBXFileReference; lastKnownFileType = text.plist.strings; name = vi; path = vi.lproj/InfoPlist.strings; sourceTree = "<group>"; };
		5682F5DF2566930A00A56C25 /* en */ = {isa = PBXFileReference; lastKnownFileType = text.plist.strings; name = en; path = en.lproj/InfoPlist.strings; sourceTree = "<group>"; };
		56D0FE0A256505D400757E2A /* SelectBrandVC.swift */ = {isa = PBXFileReference; lastKnownFileType = sourcecode.swift; path = SelectBrandVC.swift; sourceTree = "<group>"; };
		56D0FE102565408600757E2A /* Brand.swift */ = {isa = PBXFileReference; lastKnownFileType = sourcecode.swift; path = Brand.swift; sourceTree = "<group>"; };
		56D1EA542551BD0700DB0851 /* Request.swift */ = {isa = PBXFileReference; lastKnownFileType = sourcecode.swift; path = Request.swift; sourceTree = "<group>"; };
		56D1EA5825530CB100DB0851 /* ActivationService.swift */ = {isa = PBXFileReference; lastKnownFileType = sourcecode.swift; path = ActivationService.swift; sourceTree = "<group>"; };
		56D1EA5A25530CF100DB0851 /* APIRouter.swift */ = {isa = PBXFileReference; lastKnownFileType = sourcecode.swift; path = APIRouter.swift; sourceTree = "<group>"; };
		56D33EA02538A78E0026368C /* CarManagement.app */ = {isa = PBXFileReference; explicitFileType = wrapper.application; includeInIndex = 0; path = CarManagement.app; sourceTree = BUILT_PRODUCTS_DIR; };
		56D33EA32538A78E0026368C /* AppDelegate.swift */ = {isa = PBXFileReference; lastKnownFileType = sourcecode.swift; path = AppDelegate.swift; sourceTree = "<group>"; };
		56D33EA52538A78E0026368C /* SceneDelegate.swift */ = {isa = PBXFileReference; lastKnownFileType = sourcecode.swift; path = SceneDelegate.swift; sourceTree = "<group>"; };
		56D33EA72538A78E0026368C /* ViewController.swift */ = {isa = PBXFileReference; lastKnownFileType = sourcecode.swift; path = ViewController.swift; sourceTree = "<group>"; };
		56D33EAA2538A78E0026368C /* Base */ = {isa = PBXFileReference; lastKnownFileType = file.storyboard; name = Base; path = Base.lproj/Main.storyboard; sourceTree = "<group>"; };
		56D33EAC2538A7910026368C /* Assets.xcassets */ = {isa = PBXFileReference; lastKnownFileType = folder.assetcatalog; path = Assets.xcassets; sourceTree = "<group>"; };
		56D33EAF2538A7910026368C /* Base */ = {isa = PBXFileReference; lastKnownFileType = file.storyboard; name = Base; path = Base.lproj/LaunchScreen.storyboard; sourceTree = "<group>"; };
		56D33EB12538A7910026368C /* Info.plist */ = {isa = PBXFileReference; lastKnownFileType = text.plist.xml; path = Info.plist; sourceTree = "<group>"; };
		56D33EB72538B3EB0026368C /* TabBarViewController.swift */ = {isa = PBXFileReference; lastKnownFileType = sourcecode.swift; path = TabBarViewController.swift; sourceTree = "<group>"; };
		56D33EBC25399D100026368C /* MapViewController.swift */ = {isa = PBXFileReference; lastKnownFileType = sourcecode.swift; path = MapViewController.swift; sourceTree = "<group>"; };
		56D33EBF253AFD1F0026368C /* AppConstant.swift */ = {isa = PBXFileReference; lastKnownFileType = sourcecode.swift; path = AppConstant.swift; sourceTree = "<group>"; };
		56D6322D25545E4400909F59 /* AppUtils.swift */ = {isa = PBXFileReference; lastKnownFileType = sourcecode.swift; path = AppUtils.swift; sourceTree = "<group>"; };
		56D632302557961D00909F59 /* BaseError.swift */ = {isa = PBXFileReference; lastKnownFileType = sourcecode.swift; path = BaseError.swift; sourceTree = "<group>"; };
		56D632322557C27000909F59 /* BaseResponse.swift */ = {isa = PBXFileReference; lastKnownFileType = sourcecode.swift; path = BaseResponse.swift; sourceTree = "<group>"; };
		56D632352557CA7000909F59 /* LoadingView.swift */ = {isa = PBXFileReference; lastKnownFileType = sourcecode.swift; path = LoadingView.swift; sourceTree = "<group>"; };
		56D632372557D17F00909F59 /* AlertView.swift */ = {isa = PBXFileReference; lastKnownFileType = sourcecode.swift; path = AlertView.swift; sourceTree = "<group>"; };
		56D6323A25596E6D00909F59 /* DateExtension.swift */ = {isa = PBXFileReference; lastKnownFileType = sourcecode.swift; path = DateExtension.swift; sourceTree = "<group>"; };
		56D6FEFA2578009B00834C23 /* DateUtils.swift */ = {isa = PBXFileReference; lastKnownFileType = sourcecode.swift; path = DateUtils.swift; sourceTree = "<group>"; };
		56D6FF10257C757300834C23 /* LocationHistory.swift */ = {isa = PBXFileReference; lastKnownFileType = sourcecode.swift; path = LocationHistory.swift; sourceTree = "<group>"; };
		56D6FF14257FDF8A00834C23 /* DVDInfo.swift */ = {isa = PBXFileReference; lastKnownFileType = sourcecode.swift; path = DVDInfo.swift; sourceTree = "<group>"; };
		56D6FF18257FE55600834C23 /* DVDInfoCell.swift */ = {isa = PBXFileReference; lastKnownFileType = sourcecode.swift; path = DVDInfoCell.swift; sourceTree = "<group>"; };
		56D6FF19257FE55600834C23 /* DVDInfoCell.xib */ = {isa = PBXFileReference; lastKnownFileType = file.xib; path = DVDInfoCell.xib; sourceTree = "<group>"; };
		56D6FF1E25813D7100834C23 /* ListAgentVC.swift */ = {isa = PBXFileReference; lastKnownFileType = sourcecode.swift; path = ListAgentVC.swift; sourceTree = "<group>"; };
		56D6FF1F25813D7100834C23 /* ListAgentVC.xib */ = {isa = PBXFileReference; lastKnownFileType = file.xib; path = ListAgentVC.xib; sourceTree = "<group>"; };
		56D6FF242581412F00834C23 /* AgentCell.swift */ = {isa = PBXFileReference; lastKnownFileType = sourcecode.swift; path = AgentCell.swift; sourceTree = "<group>"; };
		56D6FF252581412F00834C23 /* AgentCell.xib */ = {isa = PBXFileReference; lastKnownFileType = file.xib; path = AgentCell.xib; sourceTree = "<group>"; };
		56D6FF2A2581438D00834C23 /* Agent.swift */ = {isa = PBXFileReference; lastKnownFileType = sourcecode.swift; path = Agent.swift; sourceTree = "<group>"; };
		56DBE47A25657D3000EF87E0 /* ScanDeviceVC.swift */ = {isa = PBXFileReference; lastKnownFileType = sourcecode.swift; path = ScanDeviceVC.swift; sourceTree = "<group>"; };
		56DBE47B25657D3000EF87E0 /* ScanDeviceVC.xib */ = {isa = PBXFileReference; lastKnownFileType = file.xib; path = ScanDeviceVC.xib; sourceTree = "<group>"; };
		56DBE4B225682D1400EF87E0 /* UIColorExt.swift */ = {isa = PBXFileReference; lastKnownFileType = sourcecode.swift; path = UIColorExt.swift; sourceTree = "<group>"; };
		56DBE4B62568C44100EF87E0 /* CarBrandColView.swift */ = {isa = PBXFileReference; lastKnownFileType = sourcecode.swift; path = CarBrandColView.swift; sourceTree = "<group>"; };
		56DC15682559A95D00D5C4F1 /* SystemParameter.swift */ = {isa = PBXFileReference; lastKnownFileType = sourcecode.swift; path = SystemParameter.swift; sourceTree = "<group>"; };
		56DC158F255B024E00D5C4F1 /* InfoInputVC.swift */ = {isa = PBXFileReference; lastKnownFileType = sourcecode.swift; path = InfoInputVC.swift; sourceTree = "<group>"; };
		56DC1590255B024E00D5C4F1 /* InfoInputVC.xib */ = {isa = PBXFileReference; lastKnownFileType = file.xib; path = InfoInputVC.xib; sourceTree = "<group>"; };
		56DC1595255C4FB700D5C4F1 /* UserInfo.swift */ = {isa = PBXFileReference; lastKnownFileType = sourcecode.swift; path = UserInfo.swift; sourceTree = "<group>"; };
		56DC159A255C58D200D5C4F1 /* MainVC.swift */ = {isa = PBXFileReference; lastKnownFileType = sourcecode.swift; path = MainVC.swift; sourceTree = "<group>"; };
		56DC159B255C58D200D5C4F1 /* MainVC.xib */ = {isa = PBXFileReference; lastKnownFileType = file.xib; path = MainVC.xib; sourceTree = "<group>"; };
		56DC15A0255DA5F000D5C4F1 /* MainTabBarVC.swift */ = {isa = PBXFileReference; lastKnownFileType = sourcecode.swift; path = MainTabBarVC.swift; sourceTree = "<group>"; };
		56DC15A1255DA5F000D5C4F1 /* MainTabBarVC.xib */ = {isa = PBXFileReference; lastKnownFileType = file.xib; path = MainTabBarVC.xib; sourceTree = "<group>"; };
		56DC15A6255DA7AC00D5C4F1 /* LocationMainVC.swift */ = {isa = PBXFileReference; lastKnownFileType = sourcecode.swift; path = LocationMainVC.swift; sourceTree = "<group>"; };
		56DC15A7255DA7AC00D5C4F1 /* LocationMainVC.xib */ = {isa = PBXFileReference; lastKnownFileType = file.xib; path = LocationMainVC.xib; sourceTree = "<group>"; };
		56DC15C2255F8D8900D5C4F1 /* UIViewExt.swift */ = {isa = PBXFileReference; lastKnownFileType = sourcecode.swift; path = UIViewExt.swift; sourceTree = "<group>"; };
		56DC16E6255FEBBE00D5C4F1 /* vi */ = {isa = PBXFileReference; lastKnownFileType = text.plist.strings; name = vi; path = vi.lproj/Localizable.strings; sourceTree = "<group>"; };
		56DC16EA255FEBC300D5C4F1 /* en */ = {isa = PBXFileReference; lastKnownFileType = text.plist.strings; name = en; path = en.lproj/Localizable.strings; sourceTree = "<group>"; };
		56DC172025619F8600D5C4F1 /* CarDevice.swift */ = {isa = PBXFileReference; lastKnownFileType = sourcecode.swift; path = CarDevice.swift; sourceTree = "<group>"; };
		56DC17292561A13600D5C4F1 /* MainService.swift */ = {isa = PBXFileReference; lastKnownFileType = sourcecode.swift; path = MainService.swift; sourceTree = "<group>"; };
		56DC5B562541DF4900AC3D66 /* MQTTConnectionManager.swift */ = {isa = PBXFileReference; lastKnownFileType = sourcecode.swift; path = MQTTConnectionManager.swift; sourceTree = "<group>"; };
		56DC5B592543CA4600AC3D66 /* MQTTDelegate.swift */ = {isa = PBXFileReference; lastKnownFileType = sourcecode.swift; path = MQTTDelegate.swift; sourceTree = "<group>"; };
		56DE6F972545375C006AA5BB /* CarTrackerTests.xctest */ = {isa = PBXFileReference; explicitFileType = wrapper.cfbundle; includeInIndex = 0; path = CarTrackerTests.xctest; sourceTree = BUILT_PRODUCTS_DIR; };
		56DE6F992545375C006AA5BB /* CarTrackerTests.swift */ = {isa = PBXFileReference; lastKnownFileType = sourcecode.swift; path = CarTrackerTests.swift; sourceTree = "<group>"; };
		56DE6F9B2545375C006AA5BB /* Info.plist */ = {isa = PBXFileReference; lastKnownFileType = text.plist.xml; path = Info.plist; sourceTree = "<group>"; };
		56E2B620255981BF0011CEDA /* OTPInputVC.swift */ = {isa = PBXFileReference; lastKnownFileType = sourcecode.swift; path = OTPInputVC.swift; sourceTree = "<group>"; };
		56E2B621255981BF0011CEDA /* OTPInputVC.xib */ = {isa = PBXFileReference; lastKnownFileType = file.xib; path = OTPInputVC.xib; sourceTree = "<group>"; };
		FB9007F268105E7F6E159E43 /* Pods_CarTracker.framework */ = {isa = PBXFileReference; explicitFileType = wrapper.framework; includeInIndex = 0; path = Pods_CarTracker.framework; sourceTree = BUILT_PRODUCTS_DIR; };
/* End PBXFileReference section */

/* Begin PBXFrameworksBuildPhase section */
		56D33E9D2538A78E0026368C /* Frameworks */ = {
			isa = PBXFrameworksBuildPhase;
			buildActionMask = 2147483647;
			files = (
				B1FA61CDC0D40B7ED636960C /* Pods_CarTracker.framework in Frameworks */,
			);
			runOnlyForDeploymentPostprocessing = 0;
		};
		56DE6F942545375C006AA5BB /* Frameworks */ = {
			isa = PBXFrameworksBuildPhase;
			buildActionMask = 2147483647;
			files = (
			);
			runOnlyForDeploymentPostprocessing = 0;
		};
/* End PBXFrameworksBuildPhase section */

/* Begin PBXGroup section */
		563DAED8256F90BA00EF3468 /* DAO */ = {
			isa = PBXGroup;
			children = (
				563DAED9256F90D000EF3468 /* UserInfoDAO.swift */,
				563DAEE3256FC12700EF3468 /* CarDeviceDAO.swift */,
				563DAEDF256F92BC00EF3468 /* SystemParameterDAO.swift */,
			);
			path = DAO;
			sourceTree = "<group>";
		};
		563DAEEB2570B0E900EF3468 /* Location */ = {
			isa = PBXGroup;
			children = (
				56DC15A6255DA7AC00D5C4F1 /* LocationMainVC.swift */,
				56DC15A7255DA7AC00D5C4F1 /* LocationMainVC.xib */,
				565C8A1C2577B8EC00FCC370 /* HistorySelectDateVC.swift */,
				565C8A1D2577B8EC00FCC370 /* HistorySelectDateVC.xib */,
			);
			path = Location;
			sourceTree = "<group>";
		};
		56583248254B266D00991FD4 /* Base */ = {
			isa = PBXGroup;
			children = (
				56583251254E8FAA00991FD4 /* BaseNavigationController.swift */,
				56583250254E8FAA00991FD4 /* BaseTabBarController.swift */,
				56583249254B269000991FD4 /* BaseViewController.swift */,
			);
			path = Base;
			sourceTree = "<group>";
		};
		5658324B254E868A00991FD4 /* Activation */ = {
			isa = PBXGroup;
			children = (
				5658324C254E86C600991FD4 /* MobilePhoneInputVC.swift */,
				5658324D254E86C600991FD4 /* MobilePhoneInputVC.xib */,
				56E2B620255981BF0011CEDA /* OTPInputVC.swift */,
				56E2B621255981BF0011CEDA /* OTPInputVC.xib */,
				56DC158F255B024E00D5C4F1 /* InfoInputVC.swift */,
				56DC1590255B024E00D5C4F1 /* InfoInputVC.xib */,
			);
			path = Activation;
			sourceTree = "<group>";
		};
		5659DC642573C8FE007AD33E /* Profile */ = {
			isa = PBXGroup;
			children = (
				5659DC652573C91E007AD33E /* ProfileVC.swift */,
				5659DC662573C91E007AD33E /* ProfileVC.xib */,
				5659DC6D2573DD1F007AD33E /* ProfileModel.swift */,
			);
			path = Profile;
			sourceTree = "<group>";
		};
		56D1EA532551BCC300DB0851 /* NetworkCore */ = {
			isa = PBXGroup;
			children = (
				56D1EA542551BD0700DB0851 /* Request.swift */,
				56D1EA5A25530CF100DB0851 /* APIRouter.swift */,
			);
			path = NetworkCore;
			sourceTree = "<group>";
		};
		56D1EA5625530C5200DB0851 /* Activation */ = {
			isa = PBXGroup;
			children = (
				56D1EA5825530CB100DB0851 /* ActivationService.swift */,
			);
			path = Activation;
			sourceTree = "<group>";
		};
		56D1EA5725530C6A00DB0851 /* Common */ = {
			isa = PBXGroup;
			children = (
				56D1EA532551BCC300DB0851 /* NetworkCore */,
				56DC5B582543CA2400AC3D66 /* Delegate */,
				56DC5B552541DEE500AC3D66 /* Manager */,
			);
			path = Common;
			sourceTree = "<group>";
		};
		56D33E972538A78E0026368C = {
			isa = PBXGroup;
			children = (
				56D33EA22538A78E0026368C /* CarTracker */,
				56DE6F982545375C006AA5BB /* CarTrackerTests */,
				56D33EA12538A78E0026368C /* Products */,
				696CAEA67C3651C9C0893D36 /* Pods */,
				EC371B7DB40BBF7974A9F943 /* Frameworks */,
			);
			sourceTree = "<group>";
		};
		56D33EA12538A78E0026368C /* Products */ = {
			isa = PBXGroup;
			children = (
				56D33EA02538A78E0026368C /* CarManagement.app */,
				56DE6F972545375C006AA5BB /* CarTrackerTests.xctest */,
			);
			name = Products;
			sourceTree = "<group>";
		};
		56D33EA22538A78E0026368C /* CarTracker */ = {
			isa = PBXGroup;
			children = (
				56DC1639255FD1CC00D5C4F1 /* Assets */,
				56D632342557CA5400909F59 /* Component */,
				56D6322F255795DB00909F59 /* Object */,
				56DC5B542541DEC000AC3D66 /* Service */,
				56D33EBE2539D4420026368C /* AppConfig */,
				56D33EBB2539971A0026368C /* ScreenController */,
				56D33EA32538A78E0026368C /* AppDelegate.swift */,
				56D33EA52538A78E0026368C /* SceneDelegate.swift */,
				56D33EA92538A78E0026368C /* Main.storyboard */,
				56D33EAC2538A7910026368C /* Assets.xcassets */,
				56D33EAE2538A7910026368C /* LaunchScreen.storyboard */,
				56D33EB12538A7910026368C /* Info.plist */,
				5682F5DC2566930700A56C25 /* InfoPlist.strings */,
				56DC16E7255FEBBE00D5C4F1 /* Localizable.strings */,
			);
			path = CarTracker;
			sourceTree = "<group>";
		};
		56D33EBB2539971A0026368C /* ScreenController */ = {
			isa = PBXGroup;
			children = (
				5659DC642573C8FE007AD33E /* Profile */,
				563DAEEB2570B0E900EF3468 /* Location */,
				56DBE46F25657CB900EF87E0 /* AddDevice */,
				56DC1599255C58B300D5C4F1 /* Main */,
				5658324B254E868A00991FD4 /* Activation */,
				56583248254B266D00991FD4 /* Base */,
				56D33EA72538A78E0026368C /* ViewController.swift */,
				56D33EB72538B3EB0026368C /* TabBarViewController.swift */,
				56D33EBC25399D100026368C /* MapViewController.swift */,
				565832442548835A00991FD4 /* WelcomeVC.swift */,
				565832452548835A00991FD4 /* WelcomeVC.xib */,
			);
			path = ScreenController;
			sourceTree = "<group>";
		};
		56D33EBE2539D4420026368C /* AppConfig */ = {
			isa = PBXGroup;
			children = (
				56D33EBF253AFD1F0026368C /* AppConstant.swift */,
				56D6322D25545E4400909F59 /* AppUtils.swift */,
				56D6FEFA2578009B00834C23 /* DateUtils.swift */,
			);
			path = AppConfig;
			sourceTree = "<group>";
		};
		56D6322F255795DB00909F59 /* Object */ = {
			isa = PBXGroup;
			children = (
				56D6323925596E5800909F59 /* Extension */,
				56D632302557961D00909F59 /* BaseError.swift */,
				56D632322557C27000909F59 /* BaseResponse.swift */,
				56DC15682559A95D00D5C4F1 /* SystemParameter.swift */,
				56DC1595255C4FB700D5C4F1 /* UserInfo.swift */,
				56DC172025619F8600D5C4F1 /* CarDevice.swift */,
				56D6FF14257FDF8A00834C23 /* DVDInfo.swift */,
				56D0FE102565408600757E2A /* Brand.swift */,
				563DAEC5256CC3C100EF3468 /* CarModel.swift */,
				56D6FF10257C757300834C23 /* LocationHistory.swift */,
				56D6FF2A2581438D00834C23 /* Agent.swift */,
			);
			path = Object;
			sourceTree = "<group>";
		};
		56D632342557CA5400909F59 /* Component */ = {
			isa = PBXGroup;
			children = (
				56DBE4BC2568EEC200EF87E0 /* UI */,
				56D632352557CA7000909F59 /* LoadingView.swift */,
				56D632372557D17F00909F59 /* AlertView.swift */,
				5659DC0A256D70BC007AD33E /* CMLabel.swift */,
				5659DBFD256D6AB5007AD33E /* CBTextField.swift */,
			);
			path = Component;
			sourceTree = "<group>";
		};
		56D6323925596E5800909F59 /* Extension */ = {
			isa = PBXGroup;
			children = (
				56D6323A25596E6D00909F59 /* DateExtension.swift */,
				56DC15C2255F8D8900D5C4F1 /* UIViewExt.swift */,
				56DBE4B225682D1400EF87E0 /* UIColorExt.swift */,
			);
			path = Extension;
			sourceTree = "<group>";
		};
		56DBE46F25657CB900EF87E0 /* AddDevice */ = {
			isa = PBXGroup;
			children = (
				56D0FE0A256505D400757E2A /* SelectBrandVC.swift */,
				5659DC1C256D737F007AD33E /* SelectBrandVC.xib */,
				56DBE47A25657D3000EF87E0 /* ScanDeviceVC.swift */,
				56DBE47B25657D3000EF87E0 /* ScanDeviceVC.xib */,
				5659DC22256EB9E3007AD33E /* ActiveDVDResultVC.swift */,
				5659DC23256EB9E3007AD33E /* ActiveDVDResultVC.xib */,
			);
			path = AddDevice;
			sourceTree = "<group>";
		};
		56DBE4BC2568EEC200EF87E0 /* UI */ = {
			isa = PBXGroup;
			children = (
				563DAEAB25679ED900EF3468 /* BrandCell.swift */,
				563DAEAC25679ED900EF3468 /* BrandCell.xib */,
				56DBE4B62568C44100EF87E0 /* CarBrandColView.swift */,
				563DAEBF256BD9F800EF3468 /* BrandModel.swift */,
				563DAEC0256BD9F800EF3468 /* BrandModel.xib */,
				5659DC3925700C05007AD33E /* CarDeviceCell.swift */,
				5659DC3A25700C05007AD33E /* CarDeviceCell.xib */,
				5659DC4D25721236007AD33E /* CarDeviceLocCell.swift */,
				5659DC4E25721236007AD33E /* CarDeviceLocCell.xib */,
				56D6FF18257FE55600834C23 /* DVDInfoCell.swift */,
				56D6FF19257FE55600834C23 /* DVDInfoCell.xib */,
				56D6FF242581412F00834C23 /* AgentCell.swift */,
				56D6FF252581412F00834C23 /* AgentCell.xib */,
			);
			path = UI;
			sourceTree = "<group>";
		};
		56DC1599255C58B300D5C4F1 /* Main */ = {
			isa = PBXGroup;
			children = (
				56DC159A255C58D200D5C4F1 /* MainVC.swift */,
				56DC159B255C58D200D5C4F1 /* MainVC.xib */,
				56DC15A0255DA5F000D5C4F1 /* MainTabBarVC.swift */,
				56DC15A1255DA5F000D5C4F1 /* MainTabBarVC.xib */,
				565C8A1625778F4200FCC370 /* CarDeviceDetailVC.swift */,
				565C8A1725778F4200FCC370 /* CarDeviceDetailVC.xib */,
				56D6FF1E25813D7100834C23 /* ListAgentVC.swift */,
				56D6FF1F25813D7100834C23 /* ListAgentVC.xib */,
			);
			path = Main;
			sourceTree = "<group>";
		};
		56DC1639255FD1CC00D5C4F1 /* Assets */ = {
			isa = PBXGroup;
			children = (
				56DC16CE255FD21800D5C4F1 /* SVG */,
			);
			path = Assets;
			sourceTree = "<group>";
		};
		56DC16CE255FD21800D5C4F1 /* SVG */ = {
			isa = PBXGroup;
			children = (
			);
			path = SVG;
			sourceTree = "<group>";
		};
		56DC17282561A11C00D5C4F1 /* Main */ = {
			isa = PBXGroup;
			children = (
				56DC17292561A13600D5C4F1 /* MainService.swift */,
				5659DC412571F215007AD33E /* LocationService.swift */,
			);
			path = Main;
			sourceTree = "<group>";
		};
		56DC5B542541DEC000AC3D66 /* Service */ = {
			isa = PBXGroup;
			children = (
				563DAED8256F90BA00EF3468 /* DAO */,
				56DC17282561A11C00D5C4F1 /* Main */,
				56D1EA5725530C6A00DB0851 /* Common */,
				56D1EA5625530C5200DB0851 /* Activation */,
			);
			path = Service;
			sourceTree = "<group>";
		};
		56DC5B552541DEE500AC3D66 /* Manager */ = {
			isa = PBXGroup;
			children = (
				56DC5B562541DF4900AC3D66 /* MQTTConnectionManager.swift */,
			);
			path = Manager;
			sourceTree = "<group>";
		};
		56DC5B582543CA2400AC3D66 /* Delegate */ = {
			isa = PBXGroup;
			children = (
				56DC5B592543CA4600AC3D66 /* MQTTDelegate.swift */,
			);
			path = Delegate;
			sourceTree = "<group>";
		};
		56DE6F982545375C006AA5BB /* CarTrackerTests */ = {
			isa = PBXGroup;
			children = (
				56DE6F992545375C006AA5BB /* CarTrackerTests.swift */,
				56DE6F9B2545375C006AA5BB /* Info.plist */,
			);
			path = CarTrackerTests;
			sourceTree = "<group>";
		};
		696CAEA67C3651C9C0893D36 /* Pods */ = {
			isa = PBXGroup;
			children = (
				48B5AF5FDBD880F5053404F4 /* Pods-CarTracker.debug.xcconfig */,
				434CC202B45CA5C46F0B5F7B /* Pods-CarTracker.release.xcconfig */,
			);
			path = Pods;
			sourceTree = "<group>";
		};
		EC371B7DB40BBF7974A9F943 /* Frameworks */ = {
			isa = PBXGroup;
			children = (
				FB9007F268105E7F6E159E43 /* Pods_CarTracker.framework */,
			);
			name = Frameworks;
			sourceTree = "<group>";
		};
/* End PBXGroup section */

/* Begin PBXNativeTarget section */
		56D33E9F2538A78E0026368C /* CarTracker */ = {
			isa = PBXNativeTarget;
			buildConfigurationList = 56D33EB42538A7910026368C /* Build configuration list for PBXNativeTarget "CarTracker" */;
			buildPhases = (
				47A389D22F84D7D4122E221B /* [CP] Check Pods Manifest.lock */,
				56D33E9C2538A78E0026368C /* Sources */,
				56D33E9D2538A78E0026368C /* Frameworks */,
				56D33E9E2538A78E0026368C /* Resources */,
				9A1402876625B3F6C3C39DFF /* [CP] Embed Pods Frameworks */,
				B0E4310C3D36AD6662793C70 /* [CP] Copy Pods Resources */,
			);
			buildRules = (
			);
			dependencies = (
			);
			name = CarTracker;
			productName = CarTracker;
			productReference = 56D33EA02538A78E0026368C /* CarManagement.app */;
			productType = "com.apple.product-type.application";
		};
		56DE6F962545375C006AA5BB /* CarTrackerTests */ = {
			isa = PBXNativeTarget;
			buildConfigurationList = 56DE6FA02545375C006AA5BB /* Build configuration list for PBXNativeTarget "CarTrackerTests" */;
			buildPhases = (
				56DE6F932545375C006AA5BB /* Sources */,
				56DE6F942545375C006AA5BB /* Frameworks */,
				56DE6F952545375C006AA5BB /* Resources */,
			);
			buildRules = (
			);
			dependencies = (
				56DE6F9D2545375C006AA5BB /* PBXTargetDependency */,
			);
			name = CarTrackerTests;
			productName = CarTrackerTests;
			productReference = 56DE6F972545375C006AA5BB /* CarTrackerTests.xctest */;
			productType = "com.apple.product-type.bundle.unit-test";
		};
/* End PBXNativeTarget section */

/* Begin PBXProject section */
		56D33E982538A78E0026368C /* Project object */ = {
			isa = PBXProject;
			attributes = {
				LastSwiftUpdateCheck = 1150;
				LastUpgradeCheck = 1150;
				ORGANIZATIONNAME = MSB;
				TargetAttributes = {
					56D33E9F2538A78E0026368C = {
						CreatedOnToolsVersion = 11.5;
					};
					56DE6F962545375C006AA5BB = {
						CreatedOnToolsVersion = 11.5;
						TestTargetID = 56D33E9F2538A78E0026368C;
					};
				};
			};
			buildConfigurationList = 56D33E9B2538A78E0026368C /* Build configuration list for PBXProject "CarTracker" */;
			compatibilityVersion = "Xcode 9.3";
			developmentRegion = en;
			hasScannedForEncodings = 0;
			knownRegions = (
				en,
				Base,
				vi,
			);
			mainGroup = 56D33E972538A78E0026368C;
			productRefGroup = 56D33EA12538A78E0026368C /* Products */;
			projectDirPath = "";
			projectRoot = "";
			targets = (
				56D33E9F2538A78E0026368C /* CarTracker */,
				56DE6F962545375C006AA5BB /* CarTrackerTests */,
			);
		};
/* End PBXProject section */

/* Begin PBXResourcesBuildPhase section */
		56D33E9E2538A78E0026368C /* Resources */ = {
			isa = PBXResourcesBuildPhase;
			buildActionMask = 2147483647;
			files = (
				5658324F254E86C600991FD4 /* MobilePhoneInputVC.xib in Resources */,
				565C8A1F2577B8EC00FCC370 /* HistorySelectDateVC.xib in Resources */,
				5682F5DA2566930700A56C25 /* InfoPlist.strings in Resources */,
				56D6FF272581412F00834C23 /* AgentCell.xib in Resources */,
				5659DC1D256D737F007AD33E /* SelectBrandVC.xib in Resources */,
				56DC15A9255DA7AC00D5C4F1 /* LocationMainVC.xib in Resources */,
				5659DC682573C920007AD33E /* ProfileVC.xib in Resources */,
				56DC159D255C58D200D5C4F1 /* MainVC.xib in Resources */,
				5659DC25256EB9E3007AD33E /* ActiveDVDResultVC.xib in Resources */,
				563DAEAE25679ED900EF3468 /* BrandCell.xib in Resources */,
				56D33EB02538A7910026368C /* LaunchScreen.storyboard in Resources */,
				56DC1592255B024E00D5C4F1 /* InfoInputVC.xib in Resources */,
				563DAEC2256BD9F800EF3468 /* BrandModel.xib in Resources */,
				56D6FF2125813D7100834C23 /* ListAgentVC.xib in Resources */,
				56D33EAD2538A7910026368C /* Assets.xcassets in Resources */,
				565C8A1925778F4200FCC370 /* CarDeviceDetailVC.xib in Resources */,
				56DC15A3255DA5F000D5C4F1 /* MainTabBarVC.xib in Resources */,
				56DC16E5255FEBBE00D5C4F1 /* Localizable.strings in Resources */,
				56D33EAB2538A78E0026368C /* Main.storyboard in Resources */,
				5659DC3C25700C05007AD33E /* CarDeviceCell.xib in Resources */,
				56D6FF1B257FE55600834C23 /* DVDInfoCell.xib in Resources */,
				565832472548835A00991FD4 /* WelcomeVC.xib in Resources */,
				5659DC5025721236007AD33E /* CarDeviceLocCell.xib in Resources */,
				56E2B623255981BF0011CEDA /* OTPInputVC.xib in Resources */,
				56DBE47D25657D3000EF87E0 /* ScanDeviceVC.xib in Resources */,
			);
			runOnlyForDeploymentPostprocessing = 0;
		};
		56DE6F952545375C006AA5BB /* Resources */ = {
			isa = PBXResourcesBuildPhase;
			buildActionMask = 2147483647;
			files = (
			);
			runOnlyForDeploymentPostprocessing = 0;
		};
/* End PBXResourcesBuildPhase section */

/* Begin PBXShellScriptBuildPhase section */
		47A389D22F84D7D4122E221B /* [CP] Check Pods Manifest.lock */ = {
			isa = PBXShellScriptBuildPhase;
			buildActionMask = 2147483647;
			files = (
			);
			inputFileListPaths = (
			);
			inputPaths = (
				"${PODS_PODFILE_DIR_PATH}/Podfile.lock",
				"${PODS_ROOT}/Manifest.lock",
			);
			name = "[CP] Check Pods Manifest.lock";
			outputFileListPaths = (
			);
			outputPaths = (
				"$(DERIVED_FILE_DIR)/Pods-CarTracker-checkManifestLockResult.txt",
			);
			runOnlyForDeploymentPostprocessing = 0;
			shellPath = /bin/sh;
			shellScript = "diff \"${PODS_PODFILE_DIR_PATH}/Podfile.lock\" \"${PODS_ROOT}/Manifest.lock\" > /dev/null\nif [ $? != 0 ] ; then\n    # print error to STDERR\n    echo \"error: The sandbox is not in sync with the Podfile.lock. Run 'pod install' or update your CocoaPods installation.\" >&2\n    exit 1\nfi\n# This output is used by Xcode 'outputs' to avoid re-running this script phase.\necho \"SUCCESS\" > \"${SCRIPT_OUTPUT_FILE_0}\"\n";
			showEnvVarsInLog = 0;
		};
		9A1402876625B3F6C3C39DFF /* [CP] Embed Pods Frameworks */ = {
			isa = PBXShellScriptBuildPhase;
			buildActionMask = 2147483647;
			files = (
			);
			inputFileListPaths = (
				"${PODS_ROOT}/Target Support Files/Pods-CarTracker/Pods-CarTracker-frameworks-${CONFIGURATION}-input-files.xcfilelist",
			);
			name = "[CP] Embed Pods Frameworks";
			outputFileListPaths = (
				"${PODS_ROOT}/Target Support Files/Pods-CarTracker/Pods-CarTracker-frameworks-${CONFIGURATION}-output-files.xcfilelist",
			);
			runOnlyForDeploymentPostprocessing = 0;
			shellPath = /bin/sh;
			shellScript = "\"${PODS_ROOT}/Target Support Files/Pods-CarTracker/Pods-CarTracker-frameworks.sh\"\n";
			showEnvVarsInLog = 0;
		};
		B0E4310C3D36AD6662793C70 /* [CP] Copy Pods Resources */ = {
			isa = PBXShellScriptBuildPhase;
			buildActionMask = 2147483647;
			files = (
			);
			inputFileListPaths = (
				"${PODS_ROOT}/Target Support Files/Pods-CarTracker/Pods-CarTracker-resources-${CONFIGURATION}-input-files.xcfilelist",
			);
			name = "[CP] Copy Pods Resources";
			outputFileListPaths = (
				"${PODS_ROOT}/Target Support Files/Pods-CarTracker/Pods-CarTracker-resources-${CONFIGURATION}-output-files.xcfilelist",
			);
			runOnlyForDeploymentPostprocessing = 0;
			shellPath = /bin/sh;
			shellScript = "\"${PODS_ROOT}/Target Support Files/Pods-CarTracker/Pods-CarTracker-resources.sh\"\n";
			showEnvVarsInLog = 0;
		};
/* End PBXShellScriptBuildPhase section */

/* Begin PBXSourcesBuildPhase section */
		56D33E9C2538A78E0026368C /* Sources */ = {
			isa = PBXSourcesBuildPhase;
			buildActionMask = 2147483647;
			files = (
				56D6FF1A257FE55600834C23 /* DVDInfoCell.swift in Sources */,
				56583253254E8FAA00991FD4 /* BaseNavigationController.swift in Sources */,
				56D6FF2025813D7100834C23 /* ListAgentVC.swift in Sources */,
				563DAEE4256FC12700EF3468 /* CarDeviceDAO.swift in Sources */,
				56D6FF15257FDF8A00834C23 /* DVDInfo.swift in Sources */,
				56D1EA5B25530CF100DB0851 /* APIRouter.swift in Sources */,
				56DC172A2561A13600D5C4F1 /* MainService.swift in Sources */,
				565C8A1825778F4200FCC370 /* CarDeviceDetailVC.swift in Sources */,
				563DAEDA256F90D000EF3468 /* UserInfoDAO.swift in Sources */,
				56D632382557D17F00909F59 /* AlertView.swift in Sources */,
				56D33EB82538B3EB0026368C /* TabBarViewController.swift in Sources */,
				563DAEAD25679ED900EF3468 /* BrandCell.swift in Sources */,
				56DC15A8255DA7AC00D5C4F1 /* LocationMainVC.swift in Sources */,
				5659DC6E2573DD1F007AD33E /* ProfileModel.swift in Sources */,
				56D6FF11257C757300834C23 /* LocationHistory.swift in Sources */,
				56DC159C255C58D200D5C4F1 /* MainVC.swift in Sources */,
				5659DC422571F215007AD33E /* LocationService.swift in Sources */,
				56D0FE0C256505D400757E2A /* SelectBrandVC.swift in Sources */,
				56D33EA82538A78E0026368C /* ViewController.swift in Sources */,
				56D33EA42538A78E0026368C /* AppDelegate.swift in Sources */,
				56DC15692559A95D00D5C4F1 /* SystemParameter.swift in Sources */,
				56D6FF2B2581438D00834C23 /* Agent.swift in Sources */,
				56D632332557C27000909F59 /* BaseResponse.swift in Sources */,
				56DC1596255C4FB700D5C4F1 /* UserInfo.swift in Sources */,
				56D33EBD25399D100026368C /* MapViewController.swift in Sources */,
				56DBE4B325682D1400EF87E0 /* UIColorExt.swift in Sources */,
				563DAEC6256CC3C100EF3468 /* CarModel.swift in Sources */,
				5659DC3B25700C05007AD33E /* CarDeviceCell.swift in Sources */,
				56DC15C3255F8D8900D5C4F1 /* UIViewExt.swift in Sources */,
				5659DC4F25721236007AD33E /* CarDeviceLocCell.swift in Sources */,
				56DC15A2255DA5F000D5C4F1 /* MainTabBarVC.swift in Sources */,
				56D6322E25545E4400909F59 /* AppUtils.swift in Sources */,
				56D0FE112565408600757E2A /* Brand.swift in Sources */,
				56E2B622255981BF0011CEDA /* OTPInputVC.swift in Sources */,
				56D632312557961D00909F59 /* BaseError.swift in Sources */,
				56DC172125619F8600D5C4F1 /* CarDevice.swift in Sources */,
				56D6FEFB2578009B00834C23 /* DateUtils.swift in Sources */,
				56D33EC0253AFD1F0026368C /* AppConstant.swift in Sources */,
				5659DC672573C920007AD33E /* ProfileVC.swift in Sources */,
				563DAEC1256BD9F800EF3468 /* BrandModel.swift in Sources */,
				56D6FF262581412F00834C23 /* AgentCell.swift in Sources */,
				5659DC24256EB9E3007AD33E /* ActiveDVDResultVC.swift in Sources */,
				565C8A1E2577B8EC00FCC370 /* HistorySelectDateVC.swift in Sources */,
				563DAEE0256F92BC00EF3468 /* SystemParameterDAO.swift in Sources */,
				5659DC0B256D70BC007AD33E /* CMLabel.swift in Sources */,
				56DBE47C25657D3000EF87E0 /* ScanDeviceVC.swift in Sources */,
				5658324A254B269000991FD4 /* BaseViewController.swift in Sources */,
				56DC1591255B024E00D5C4F1 /* InfoInputVC.swift in Sources */,
				5659DBFE256D6AB5007AD33E /* CBTextField.swift in Sources */,
				56D33EA62538A78E0026368C /* SceneDelegate.swift in Sources */,
				56D1EA5925530CB100DB0851 /* ActivationService.swift in Sources */,
				56D632362557CA7000909F59 /* LoadingView.swift in Sources */,
				565832462548835A00991FD4 /* WelcomeVC.swift in Sources */,
				56583252254E8FAA00991FD4 /* BaseTabBarController.swift in Sources */,
				56D6323B25596E6D00909F59 /* DateExtension.swift in Sources */,
				5658324E254E86C600991FD4 /* MobilePhoneInputVC.swift in Sources */,
				56D1EA552551BD0700DB0851 /* Request.swift in Sources */,
				56DC5B5A2543CA4600AC3D66 /* MQTTDelegate.swift in Sources */,
				56DC5B572541DF4900AC3D66 /* MQTTConnectionManager.swift in Sources */,
				56DBE4B72568C44100EF87E0 /* CarBrandColView.swift in Sources */,
			);
			runOnlyForDeploymentPostprocessing = 0;
		};
		56DE6F932545375C006AA5BB /* Sources */ = {
			isa = PBXSourcesBuildPhase;
			buildActionMask = 2147483647;
			files = (
				56DE6F9A2545375C006AA5BB /* CarTrackerTests.swift in Sources */,
			);
			runOnlyForDeploymentPostprocessing = 0;
		};
/* End PBXSourcesBuildPhase section */

/* Begin PBXTargetDependency section */
		56DE6F9D2545375C006AA5BB /* PBXTargetDependency */ = {
			isa = PBXTargetDependency;
			target = 56D33E9F2538A78E0026368C /* CarTracker */;
			targetProxy = 56DE6F9C2545375C006AA5BB /* PBXContainerItemProxy */;
		};
/* End PBXTargetDependency section */

/* Begin PBXVariantGroup section */
		5682F5DC2566930700A56C25 /* InfoPlist.strings */ = {
			isa = PBXVariantGroup;
			children = (
				5682F5DB2566930700A56C25 /* vi */,
				5682F5DF2566930A00A56C25 /* en */,
			);
			name = InfoPlist.strings;
			sourceTree = "<group>";
		};
		56D33EA92538A78E0026368C /* Main.storyboard */ = {
			isa = PBXVariantGroup;
			children = (
				56D33EAA2538A78E0026368C /* Base */,
			);
			name = Main.storyboard;
			sourceTree = "<group>";
		};
		56D33EAE2538A7910026368C /* LaunchScreen.storyboard */ = {
			isa = PBXVariantGroup;
			children = (
				56D33EAF2538A7910026368C /* Base */,
			);
			name = LaunchScreen.storyboard;
			sourceTree = "<group>";
		};
		56DC16E7255FEBBE00D5C4F1 /* Localizable.strings */ = {
			isa = PBXVariantGroup;
			children = (
				56DC16E6255FEBBE00D5C4F1 /* vi */,
				56DC16EA255FEBC300D5C4F1 /* en */,
			);
			name = Localizable.strings;
			sourceTree = "<group>";
		};
/* End PBXVariantGroup section */

/* Begin XCBuildConfiguration section */
		56D33EB22538A7910026368C /* Debug */ = {
			isa = XCBuildConfiguration;
			buildSettings = {
				ALWAYS_SEARCH_USER_PATHS = NO;
				CLANG_ANALYZER_LOCALIZABILITY_NONLOCALIZED = YES;
				CLANG_ANALYZER_NONNULL = YES;
				CLANG_ANALYZER_NUMBER_OBJECT_CONVERSION = YES_AGGRESSIVE;
				CLANG_CXX_LANGUAGE_STANDARD = "gnu++14";
				CLANG_CXX_LIBRARY = "libc++";
				CLANG_ENABLE_MODULES = YES;
				CLANG_ENABLE_OBJC_ARC = YES;
				CLANG_ENABLE_OBJC_WEAK = YES;
				CLANG_WARN_BLOCK_CAPTURE_AUTORELEASING = YES;
				CLANG_WARN_BOOL_CONVERSION = YES;
				CLANG_WARN_COMMA = YES;
				CLANG_WARN_CONSTANT_CONVERSION = YES;
				CLANG_WARN_DEPRECATED_OBJC_IMPLEMENTATIONS = YES;
				CLANG_WARN_DIRECT_OBJC_ISA_USAGE = YES_ERROR;
				CLANG_WARN_DOCUMENTATION_COMMENTS = YES;
				CLANG_WARN_EMPTY_BODY = YES;
				CLANG_WARN_ENUM_CONVERSION = YES;
				CLANG_WARN_INFINITE_RECURSION = YES;
				CLANG_WARN_INT_CONVERSION = YES;
				CLANG_WARN_NON_LITERAL_NULL_CONVERSION = YES;
				CLANG_WARN_OBJC_IMPLICIT_RETAIN_SELF = YES;
				CLANG_WARN_OBJC_LITERAL_CONVERSION = YES;
				CLANG_WARN_OBJC_ROOT_CLASS = YES_ERROR;
				CLANG_WARN_RANGE_LOOP_ANALYSIS = YES;
				CLANG_WARN_STRICT_PROTOTYPES = YES;
				CLANG_WARN_SUSPICIOUS_MOVE = YES;
				CLANG_WARN_UNGUARDED_AVAILABILITY = YES_AGGRESSIVE;
				CLANG_WARN_UNREACHABLE_CODE = YES;
				CLANG_WARN__DUPLICATE_METHOD_MATCH = YES;
				COPY_PHASE_STRIP = NO;
				DEBUG_INFORMATION_FORMAT = dwarf;
				ENABLE_STRICT_OBJC_MSGSEND = YES;
				ENABLE_TESTABILITY = YES;
				GCC_C_LANGUAGE_STANDARD = gnu11;
				GCC_DYNAMIC_NO_PIC = NO;
				GCC_NO_COMMON_BLOCKS = YES;
				GCC_OPTIMIZATION_LEVEL = 0;
				GCC_PREPROCESSOR_DEFINITIONS = (
					"DEBUG=1",
					"$(inherited)",
				);
				GCC_WARN_64_TO_32_BIT_CONVERSION = YES;
				GCC_WARN_ABOUT_RETURN_TYPE = YES_ERROR;
				GCC_WARN_UNDECLARED_SELECTOR = YES;
				GCC_WARN_UNINITIALIZED_AUTOS = YES_AGGRESSIVE;
				GCC_WARN_UNUSED_FUNCTION = YES;
				GCC_WARN_UNUSED_VARIABLE = YES;
				IPHONEOS_DEPLOYMENT_TARGET = 9.0;
				MTL_ENABLE_DEBUG_INFO = INCLUDE_SOURCE;
				MTL_FAST_MATH = YES;
				ONLY_ACTIVE_ARCH = YES;
				SDKROOT = iphoneos;
				SWIFT_ACTIVE_COMPILATION_CONDITIONS = DEBUG;
				SWIFT_OPTIMIZATION_LEVEL = "-Onone";
			};
			name = Debug;
		};
		56D33EB32538A7910026368C /* Release */ = {
			isa = XCBuildConfiguration;
			buildSettings = {
				ALWAYS_SEARCH_USER_PATHS = NO;
				CLANG_ANALYZER_LOCALIZABILITY_NONLOCALIZED = YES;
				CLANG_ANALYZER_NONNULL = YES;
				CLANG_ANALYZER_NUMBER_OBJECT_CONVERSION = YES_AGGRESSIVE;
				CLANG_CXX_LANGUAGE_STANDARD = "gnu++14";
				CLANG_CXX_LIBRARY = "libc++";
				CLANG_ENABLE_MODULES = YES;
				CLANG_ENABLE_OBJC_ARC = YES;
				CLANG_ENABLE_OBJC_WEAK = YES;
				CLANG_WARN_BLOCK_CAPTURE_AUTORELEASING = YES;
				CLANG_WARN_BOOL_CONVERSION = YES;
				CLANG_WARN_COMMA = YES;
				CLANG_WARN_CONSTANT_CONVERSION = YES;
				CLANG_WARN_DEPRECATED_OBJC_IMPLEMENTATIONS = YES;
				CLANG_WARN_DIRECT_OBJC_ISA_USAGE = YES_ERROR;
				CLANG_WARN_DOCUMENTATION_COMMENTS = YES;
				CLANG_WARN_EMPTY_BODY = YES;
				CLANG_WARN_ENUM_CONVERSION = YES;
				CLANG_WARN_INFINITE_RECURSION = YES;
				CLANG_WARN_INT_CONVERSION = YES;
				CLANG_WARN_NON_LITERAL_NULL_CONVERSION = YES;
				CLANG_WARN_OBJC_IMPLICIT_RETAIN_SELF = YES;
				CLANG_WARN_OBJC_LITERAL_CONVERSION = YES;
				CLANG_WARN_OBJC_ROOT_CLASS = YES_ERROR;
				CLANG_WARN_RANGE_LOOP_ANALYSIS = YES;
				CLANG_WARN_STRICT_PROTOTYPES = YES;
				CLANG_WARN_SUSPICIOUS_MOVE = YES;
				CLANG_WARN_UNGUARDED_AVAILABILITY = YES_AGGRESSIVE;
				CLANG_WARN_UNREACHABLE_CODE = YES;
				CLANG_WARN__DUPLICATE_METHOD_MATCH = YES;
				COPY_PHASE_STRIP = NO;
				DEBUG_INFORMATION_FORMAT = "dwarf-with-dsym";
				ENABLE_NS_ASSERTIONS = NO;
				ENABLE_STRICT_OBJC_MSGSEND = YES;
				GCC_C_LANGUAGE_STANDARD = gnu11;
				GCC_NO_COMMON_BLOCKS = YES;
				GCC_WARN_64_TO_32_BIT_CONVERSION = YES;
				GCC_WARN_ABOUT_RETURN_TYPE = YES_ERROR;
				GCC_WARN_UNDECLARED_SELECTOR = YES;
				GCC_WARN_UNINITIALIZED_AUTOS = YES_AGGRESSIVE;
				GCC_WARN_UNUSED_FUNCTION = YES;
				GCC_WARN_UNUSED_VARIABLE = YES;
				IPHONEOS_DEPLOYMENT_TARGET = 9.0;
				MTL_ENABLE_DEBUG_INFO = NO;
				MTL_FAST_MATH = YES;
				SDKROOT = iphoneos;
				SWIFT_COMPILATION_MODE = wholemodule;
				SWIFT_OPTIMIZATION_LEVEL = "-O";
				VALIDATE_PRODUCT = YES;
			};
			name = Release;
		};
		56D33EB52538A7910026368C /* Debug */ = {
			isa = XCBuildConfiguration;
			baseConfigurationReference = 48B5AF5FDBD880F5053404F4 /* Pods-CarTracker.debug.xcconfig */;
			buildSettings = {
				ASSETCATALOG_COMPILER_APPICON_NAME = AppIcon;
				CODE_SIGN_IDENTITY = "Apple Development";
				CODE_SIGN_STYLE = Automatic;
				DEVELOPMENT_TEAM = W3JCZ22M9H;
				INFOPLIST_FILE = CarTracker/Info.plist;
				IPHONEOS_DEPLOYMENT_TARGET = 10.0;
				LD_RUNPATH_SEARCH_PATHS = (
					"$(inherited)",
					"@executable_path/Frameworks",
				);
				PRODUCT_BUNDLE_IDENTIFIER = vn.vnest.carmanagement;
				PRODUCT_NAME = CarManagement;
				PROVISIONING_PROFILE_SPECIFIER = "";
				SWIFT_VERSION = 5.0;
				TARGETED_DEVICE_FAMILY = "1,2";
			};
			name = Debug;
		};
		56D33EB62538A7910026368C /* Release */ = {
			isa = XCBuildConfiguration;
			baseConfigurationReference = 434CC202B45CA5C46F0B5F7B /* Pods-CarTracker.release.xcconfig */;
			buildSettings = {
				ASSETCATALOG_COMPILER_APPICON_NAME = AppIcon;
				CODE_SIGN_IDENTITY = "Apple Development";
				CODE_SIGN_STYLE = Automatic;
				DEVELOPMENT_TEAM = W3JCZ22M9H;
				INFOPLIST_FILE = CarTracker/Info.plist;
				IPHONEOS_DEPLOYMENT_TARGET = 10.0;
				LD_RUNPATH_SEARCH_PATHS = (
					"$(inherited)",
					"@executable_path/Frameworks",
				);
				PRODUCT_BUNDLE_IDENTIFIER = vn.vnest.carmanagement;
				PRODUCT_NAME = CarManagement;
				PROVISIONING_PROFILE_SPECIFIER = "";
				SWIFT_VERSION = 5.0;
				TARGETED_DEVICE_FAMILY = "1,2";
			};
			name = Release;
		};
		56DE6F9E2545375C006AA5BB /* Debug */ = {
			isa = XCBuildConfiguration;
			buildSettings = {
				BUNDLE_LOADER = "$(TEST_HOST)";
				CODE_SIGN_STYLE = Automatic;
				DEVELOPMENT_TEAM = W3JCZ22M9H;
				INFOPLIST_FILE = CarTrackerTests/Info.plist;
				IPHONEOS_DEPLOYMENT_TARGET = 13.5;
				LD_RUNPATH_SEARCH_PATHS = (
					"$(inherited)",
					"@executable_path/Frameworks",
					"@loader_path/Frameworks",
				);
				PRODUCT_BUNDLE_IDENTIFIER = com.vnest.va.CarTrackerTests;
				PRODUCT_NAME = "$(TARGET_NAME)";
				SWIFT_VERSION = 5.0;
				TARGETED_DEVICE_FAMILY = "1,2";
				TEST_HOST = "$(BUILT_PRODUCTS_DIR)/CarTracker.app/CarTracker";
			};
			name = Debug;
		};
		56DE6F9F2545375C006AA5BB /* Release */ = {
			isa = XCBuildConfiguration;
			buildSettings = {
				BUNDLE_LOADER = "$(TEST_HOST)";
				CODE_SIGN_STYLE = Automatic;
				DEVELOPMENT_TEAM = W3JCZ22M9H;
				INFOPLIST_FILE = CarTrackerTests/Info.plist;
				IPHONEOS_DEPLOYMENT_TARGET = 13.5;
				LD_RUNPATH_SEARCH_PATHS = (
					"$(inherited)",
					"@executable_path/Frameworks",
					"@loader_path/Frameworks",
				);
				PRODUCT_BUNDLE_IDENTIFIER = com.vnest.va.CarTrackerTests;
				PRODUCT_NAME = "$(TARGET_NAME)";
				SWIFT_VERSION = 5.0;
				TARGETED_DEVICE_FAMILY = "1,2";
				TEST_HOST = "$(BUILT_PRODUCTS_DIR)/CarTracker.app/CarTracker";
			};
			name = Release;
		};
/* End XCBuildConfiguration section */

/* Begin XCConfigurationList section */
		56D33E9B2538A78E0026368C /* Build configuration list for PBXProject "CarTracker" */ = {
			isa = XCConfigurationList;
			buildConfigurations = (
				56D33EB22538A7910026368C /* Debug */,
				56D33EB32538A7910026368C /* Release */,
			);
			defaultConfigurationIsVisible = 0;
			defaultConfigurationName = Release;
		};
		56D33EB42538A7910026368C /* Build configuration list for PBXNativeTarget "CarTracker" */ = {
			isa = XCConfigurationList;
			buildConfigurations = (
				56D33EB52538A7910026368C /* Debug */,
				56D33EB62538A7910026368C /* Release */,
			);
			defaultConfigurationIsVisible = 0;
			defaultConfigurationName = Release;
		};
		56DE6FA02545375C006AA5BB /* Build configuration list for PBXNativeTarget "CarTrackerTests" */ = {
			isa = XCConfigurationList;
			buildConfigurations = (
				56DE6F9E2545375C006AA5BB /* Debug */,
				56DE6F9F2545375C006AA5BB /* Release */,
			);
			defaultConfigurationIsVisible = 0;
			defaultConfigurationName = Release;
		};
/* End XCConfigurationList section */
	};
	rootObject = 56D33E982538A78E0026368C /* Project object */;
}
