PODS:
  - Alamofire (5.4.0)
  - CocoaAsyncSocket (7.6.4)
  - CocoaMQTT (1.2.5):
    - CocoaAsyncSocket (~> 7.6.3)
  - DatePickerDialog (4.0)
  - GoogleMaps (4.1.0):
    - GoogleMaps/Maps (= 4.1.0)
  - GoogleMaps/Base (4.1.0)
  - GoogleMaps/Maps (4.1.0):
    - GoogleMaps/Base
  - GooglePlaces (4.1.0):
    - GoogleMaps/Base (= 4.1.0)
  - IQKeyboardManagerSwift (6.5.6)
  - Kingfisher (5.15.7):
    - Kingfisher/Core (= 5.15.7)
  - Kingfisher/Core (5.15.7)
  - Localize-Swift (3.2.0):
    - Localize-Swift/LocalizeSwiftCore (= 3.2.0)
    - Localize-Swift/UIKit (= 3.2.0)
  - Localize-Swift/LocalizeSwiftCore (3.2.0)
  - Localize-Swift/UIKit (3.2.0):
    - Localize-Swift/LocalizeSwiftCore
  - Realm (10.1.2):
    - Realm/Headers (= 10.1.2)
  - Realm/Headers (10.1.2)
  - RealmSwift (10.1.2):
    - Realm (= 10.1.2)
  - RxCocoa (5.1.1):
    - RxRelay (~> 5)
    - RxSwift (~> 5)
  - RxRelay (5.1.1):
    - RxSwift (~> 5)
  - RxSwift (5.1.1)
  - SPPermissions/Core (4.1.4)
  - SPPermissions/Location (4.1.4):
    - SPPermissions/Core
  - SwiftDate (6.3.1)
  - SwiftyJSON (5.0.0)
  - TweeTextField (1.6.3)

DEPENDENCIES:
  - Alamofire
  - CocoaMQTT
  - DatePickerDialog
  - GoogleMaps (= 4.1.0)
  - GooglePlaces (= 4.1.0)
  - IQKeyboardManagerSwift
  - Kingfisher (~> 5.0)
  - Localize-Swift (~> 3.2)
  - RealmSwift
  - RxCocoa
  - RxSwift
  - SPPermissions/Location
  - SwiftDate
  - SwiftyJSON
  - TweeTextField

SPEC REPOS:
  https://github.com/CocoaPods/Specs.git:
    - GoogleMaps
    - GooglePlaces
  trunk:
    - Alamofire
    - CocoaAsyncSocket
    - CocoaMQTT
    - DatePickerDialog
    - IQKeyboardManagerSwift
    - Kingfisher
    - Localize-Swift
    - Realm
    - RealmSwift
    - RxCocoa
    - RxRelay
    - RxSwift
    - SPPermissions
    - SwiftDate
    - SwiftyJSON
    - TweeTextField

SPEC CHECKSUMS:
  Alamofire: 3b6a534a3df22db367e4dedeeca73d1ddfcf0e2f
  CocoaAsyncSocket: 694058e7c0ed05a9e217d1b3c7ded962f4180845
  CocoaMQTT: a61490ed3b328011c5d75169a77781983e2bb221
  DatePickerDialog: ccff2f91ff7a018057a4d72fa5ad6de49c8cb0cd
  GoogleMaps: 008e2c80e38605b56b560e8deb73d4194ff30bef
  GooglePlaces: a058b776259c13e1323c9ff135549cb1b13ad8e7
  IQKeyboardManagerSwift: c7df9d2deb356c04522f5c4b7b6e4ce4d8ed94fe
  Kingfisher: 6e1a13523fcb1c86924ce53affe4ac957e544d59
  Localize-Swift: 6f4475136bdb0d7b2882ea3d4ea919d70142b232
  Realm: 031fdd4be7094d01b43af1a5e49766ab644bb800
  RealmSwift: 43cf2e114baa9d17d34eb81e7d0def31f21cd444
  RxCocoa: 32065309a38d29b5b0db858819b5bf9ef038b601
  RxRelay: d77f7d771495f43c556cbc43eebd1bb54d01e8e9
  RxSwift: 81470a2074fa8780320ea5fe4102807cb7118178
  SPPermissions: 9fafa3125a66ec00e36a4c8e3ad8684f5499afbc
  SwiftDate: 72d28954e8e1c6c1c0f917ccc8005e4f83c7d4b2
  SwiftyJSON: 36413e04c44ee145039d332b4f4e2d3e8d6c4db7
  TweeTextField: 47bf8e7f0433364a7f7e119c45e7f278ea50eb62

PODFILE CHECKSUM: efe40ae87666c14767be59b29b2322913183fb7e

COCOAPODS: 1.10.0
