PODS:
  - Alamofire (5.4.0)
  - CocoaAsyncSocket (7.6.4)
  - CocoaMQTT (1.2.5):
    - CocoaAsyncSocket (~> 7.6.3)
  - Localize-Swift (3.2.0):
    - Localize-Swift/LocalizeSwiftCore (= 3.2.0)
    - Localize-Swift/UIKit (= 3.2.0)
  - Localize-Swift/LocalizeSwiftCore (3.2.0)
  - Localize-Swift/UIKit (3.2.0):
    - Localize-Swift/LocalizeSwiftCore
  - NVActivityIndicatorView (5.1.1):
    - NVActivityIndicatorView/Base (= 5.1.1)
  - NVActivityIndicatorView/Base (5.1.1)
  - Realm (10.1.2):
    - Realm/Headers (= 10.1.2)
  - Realm/Headers (10.1.2)
  - RealmSwift (10.1.2):
    - Realm (= 10.1.2)
  - RxCocoa (5.1.1):
    - RxRelay (~> 5)
    - RxSwift (~> 5)
  - RxRelay (5.1.1):
    - RxSwift (~> 5)
  - RxSwift (5.1.1)
  - SwiftIconFont (6.1.1)
  - SwiftSpinner (2.1.0)
  - SwiftyJSON (5.0.0)

DEPENDENCIES:
  - Alamofire
  - CocoaMQTT
  - Localize-Swift (~> 3.2)
  - NVActivityIndicatorView
  - RealmSwift
  - RxCocoa
  - RxSwift
  - SwiftIconFont
  - SwiftSpinner
  - SwiftyJSON

SPEC REPOS:
  trunk:
    - Alamofire
    - CocoaAsyncSocket
    - CocoaMQTT
    - Localize-Swift
    - NVActivityIndicatorView
    - Realm
    - RealmSwift
    - RxCocoa
    - RxRelay
    - RxSwift
    - SwiftIconFont
    - SwiftSpinner
    - SwiftyJSON

SPEC CHECKSUMS:
  Alamofire: 3b6a534a3df22db367e4dedeeca73d1ddfcf0e2f
  CocoaAsyncSocket: 694058e7c0ed05a9e217d1b3c7ded962f4180845
  CocoaMQTT: a61490ed3b328011c5d75169a77781983e2bb221
  Localize-Swift: 6f4475136bdb0d7b2882ea3d4ea919d70142b232
  NVActivityIndicatorView: 1f6c5687f1171810aa27a3296814dc2d7dec3667
  Realm: 031fdd4be7094d01b43af1a5e49766ab644bb800
  RealmSwift: 43cf2e114baa9d17d34eb81e7d0def31f21cd444
  RxCocoa: 32065309a38d29b5b0db858819b5bf9ef038b601
  RxRelay: d77f7d771495f43c556cbc43eebd1bb54d01e8e9
  RxSwift: 81470a2074fa8780320ea5fe4102807cb7118178
  SwiftIconFont: 0a772c5ac65a40c9b0675efa37b4928158bd8e43
  SwiftSpinner: 0f15c006307f8d8bbac075638927ec1361b565d7
  SwiftyJSON: 36413e04c44ee145039d332b4f4e2d3e8d6c4db7

PODFILE CHECKSUM: 097c2dc065ab3065599b173052746a801d0ce86f

COCOAPODS: 1.10.0
